{
  "name": "reactgraphsocket",
  "version": "1.0.0",
  "lockfileVersion": 1,
  "requires": true,
  "dependencies": {
    "@koale/useworker": {
      "version": "3.2.1",
      "resolved": "https://registry.npmjs.org/@koale/useworker/-/useworker-3.2.1.tgz",
      "integrity": "sha512-oTATxVRYceI0ZrlcAYGwhXU5l+rHd14yFlAyQfgbwi+vfFnnMX9EwU85RlGHIKf0BT4rrIIJm73L9lgz/+/EnA==",
      "requires": {
        "dequal": "^1.0.0"
      }
    },
    "dequal": {
      "version": "1.0.1",
      "resolved": "https://registry.npmjs.org/dequal/-/dequal-1.0.1.tgz",
      "integrity": "sha512-Fx8jxibzkJX2aJgyfSdLhr9tlRoTnHKrRJuu2XHlAgKioN2j19/Bcbe0d4mFXYZ3+wpE2KVobUVTfDutcD17xQ=="
    },
    "expo-camera": {
      "version": "9.0.0",
      "resolved": "https://registry.npmjs.org/expo-camera/-/expo-camera-9.0.0.tgz",
      "integrity": "sha512-yS49pNrZV5DcBBLNevSEuZRB+MpI7e5WQ2Fb7sIV3havkZLo/K53gHnmgzYYbZFukq6LC4PSQXjcduoiL4I2Bw==",
      "requires": {
        "@koale/useworker": "^3.2.1",
        "invariant": "2.2.4",
        "lodash": "^4.6.0"
      }
    },
    "invariant": {
      "version": "2.2.4",
      "resolved": "https://registry.npmjs.org/invariant/-/invariant-2.2.4.tgz",
      "integrity": "sha512-phJfQVBuaJM5raOpJjSfkiD6BpbCE4Ns//LaXl6wGYtUBY83nWS6Rf9tXm2e8VaK60JEjYldbPif/A2B1C2gNA==",
      "requires": {
        "loose-envify": "^1.0.0"
      }
    },
    "js-tokens": {
      "version": "4.0.0",
      "resolved": "https://registry.npmjs.org/js-tokens/-/js-tokens-4.0.0.tgz",
      "integrity": "sha512-RdJUflcE3cUzKiMqQgsCu06FPu9UdIJO0beYbPhHN4k6apgJtifcoCtT9bcxOpYBtpD2kCM6Sbzg4CausW/PKQ=="
    },
    "lodash": {
      "version": "4.17.20",
      "resolved": "https://registry.npmjs.org/lodash/-/lodash-4.17.20.tgz",
      "integrity": "sha512-PlhdFcillOINfeV7Ni6oF1TAEayyZBoZ8bcshTHqOYJYlrqzRK5hagpagky5o4HfCzzd1TRkXPMFq6cKk9rGmA=="
    },
    "loose-envify": {
      "version": "1.4.0",
      "resolved": "https://registry.npmjs.org/loose-envify/-/loose-envify-1.4.0.tgz",
      "integrity": "sha512-lyuxPGr/Wfhrlem2CL/UcnUc1zcqKAImBDzukY7Y5F/yQiNdko6+fRLevlw1HgMySw7f611UIY408EtxRSoK3Q==",
      "requires": {
        "js-tokens": "^3.0.0 || ^4.0.0"
      }
    }
  }
}
